
Microsoft Visual Studio Solution File, Format Version 12.00
# Visual Studio 15
VisualStudioVersion = 15.0.26124.0
MinimumVisualStudioVersion = 15.0.26124.0
Project("{2150E333-8FDC-42A3-9474-1A3956D46DE8}") = "src", "src", "{650A74B2-8335-4C78-B2A8-3D103666E29B}"
EndProject
Project("{2150E333-8FDC-42A3-9474-1A3956D46DE8}") = "tst", "tst", "{A1A9E75A-5FDD-4022-9F95-5DDF653C093A}"
EndProject
Project("{9A19103F-16F7-4668-BE54-9A1E7A4F7556}") = "SimpleJwtProvider", "src\SimpleJwtProvider.csproj", "{EB98AB43-13A7-4371-A567-92E6C0DA3230}"
EndProject
Project("{9A19103F-16F7-4668-BE54-9A1E7A4F7556}") = "SimpleJwtProvider.Tests", "tst\SimpleJwtProvider.Tests.csproj", "{58ECA897-2071-4F3B-9417-343B4140FCCB}"
EndProject
Global
	GlobalSection(SolutionConfigurationPlatforms) = preSolution
		Debug|Any CPU = Debug|Any CPU
		Debug|x64 = Debug|x64
		Debug|x86 = Debug|x86
		Release|Any CPU = Release|Any CPU
		Release|x64 = Release|x64
		Release|x86 = Release|x86
	EndGlobalSection
	GlobalSection(ProjectConfigurationPlatforms) = postSolution
		{EB98AB43-13A7-4371-A567-92E6C0DA3230}.Debug|Any CPU.ActiveCfg = Debug|Any CPU
		{EB98AB43-13A7-4371-A567-92E6C0DA3230}.Debug|Any CPU.Build.0 = Debug|Any CPU
		{EB98AB43-13A7-4371-A567-92E6C0DA3230}.Debug|x64.ActiveCfg = Debug|Any CPU
		{EB98AB43-13A7-4371-A567-92E6C0DA3230}.Debug|x64.Build.0 = Debug|Any CPU
		{EB98AB43-13A7-4371-A567-92E6C0DA3230}.Debug|x86.ActiveCfg = Debug|Any CPU
		{EB98AB43-13A7-4371-A567-92E6C0DA3230}.Debug|x86.Build.0 = Debug|Any CPU
		{EB98AB43-13A7-4371-A567-92E6C0DA3230}.Release|Any CPU.ActiveCfg = Release|Any CPU
		{EB98AB43-13A7-4371-A567-92E6C0DA3230}.Release|Any CPU.Build.0 = Release|Any CPU
		{EB98AB43-13A7-4371-A567-92E6C0DA3230}.Release|x64.ActiveCfg = Release|Any CPU
		{EB98AB43-13A7-4371-A567-92E6C0DA3230}.Release|x64.Build.0 = Release|Any CPU
		{EB98AB43-13A7-4371-A567-92E6C0DA3230}.Release|x86.ActiveCfg = Release|Any CPU
		{EB98AB43-13A7-4371-A567-92E6C0DA3230}.Release|x86.Build.0 = Release|Any CPU
		{58ECA897-2071-4F3B-9417-343B4140FCCB}.Debug|Any CPU.ActiveCfg = Debug|Any CPU
		{58ECA897-2071-4F3B-9417-343B4140FCCB}.Debug|Any CPU.Build.0 = Debug|Any CPU
		{58ECA897-2071-4F3B-9417-343B4140FCCB}.Debug|x64.ActiveCfg = Debug|Any CPU
		{58ECA897-2071-4F3B-9417-343B4140FCCB}.Debug|x64.Build.0 = Debug|Any CPU
		{58ECA897-2071-4F3B-9417-343B4140FCCB}.Debug|x86.ActiveCfg = Debug|Any CPU
		{58ECA897-2071-4F3B-9417-343B4140FCCB}.Debug|x86.Build.0 = Debug|Any CPU
		{58ECA897-2071-4F3B-9417-343B4140FCCB}.Release|Any CPU.ActiveCfg = Release|Any CPU
		{58ECA897-2071-4F3B-9417-343B4140FCCB}.Release|Any CPU.Build.0 = Release|Any CPU
		{58ECA897-2071-4F3B-9417-343B4140FCCB}.Release|x64.ActiveCfg = Release|Any CPU
		{58ECA897-2071-4F3B-9417-343B4140FCCB}.Release|x64.Build.0 = Release|Any CPU
		{58ECA897-2071-4F3B-9417-343B4140FCCB}.Release|x86.ActiveCfg = Release|Any CPU
		{58ECA897-2071-4F3B-9417-343B4140FCCB}.Release|x86.Build.0 = Release|Any CPU
	EndGlobalSection
	GlobalSection(SolutionProperties) = preSolution
		HideSolutionNode = FALSE
	EndGlobalSection
	GlobalSection(NestedProjects) = preSolution
		{EB98AB43-13A7-4371-A567-92E6C0DA3230} = {650A74B2-8335-4C78-B2A8-3D103666E29B}
		{58ECA897-2071-4F3B-9417-343B4140FCCB} = {A1A9E75A-5FDD-4022-9F95-5DDF653C093A}
	EndGlobalSection
	GlobalSection(ExtensibilityGlobals) = postSolution
		SolutionGuid = {AAF96240-1C38-4DC7-BD22-F7A70092CB40}
	EndGlobalSection
EndGlobal
